
Microsoft Visual Studio Solution File, Format Version 12.00
# Visual Studio Version 16
VisualStudioVersion = 16.0.30804.86
MinimumVisualStudioVersion = 10.0.40219.1
Project("{FAE04EC0-301F-11D3-BF4B-00C04F79EFBC}") = "DersKayitProjesi", "DersKayitProjesi\DersKayitProjesi.csproj", "{56777043-0C2C-40EE-9923-CA61C3EA7E55}"
EndProject
Project("{FAE04EC0-301F-11D3-BF4B-00C04F79EFBC}") = "DataLayer2", "DataLayer2\DataLayer2.csproj", "{E69A1034-B827-41B8-A631-079B671F156F}"
EndProject
Project("{FAE04EC0-301F-11D3-BF4B-00C04F79EFBC}") = "EntityLayer", "EntityLayer\EntityLayer.csproj", "{4CAE3872-367B-4DA8-B7AC-9184C4AED98C}"
EndProject
Project("{FAE04EC0-301F-11D3-BF4B-00C04F79EFBC}") = "BusinessLayer2", "BusinessLayer2\BusinessLayer2.csproj", "{AA4A9CB4-4D6D-4236-AE5D-2B779F5761DE}"
EndProject
Global
	GlobalSection(SolutionConfigurationPlatforms) = preSolution
		Debug|Any CPU = Debug|Any CPU
		Release|Any CPU = Release|Any CPU
	EndGlobalSection
	GlobalSection(ProjectConfigurationPlatforms) = postSolution
		{56777043-0C2C-40EE-9923-CA61C3EA7E55}.Debug|Any CPU.ActiveCfg = Debug|Any CPU
		{56777043-0C2C-40EE-9923-CA61C3EA7E55}.Debug|Any CPU.Build.0 = Debug|Any CPU
		{56777043-0C2C-40EE-9923-CA61C3EA7E55}.Release|Any CPU.ActiveCfg = Release|Any CPU
		{56777043-0C2C-40EE-9923-CA61C3EA7E55}.Release|Any CPU.Build.0 = Release|Any CPU
		{E69A1034-B827-41B8-A631-079B671F156F}.Debug|Any CPU.ActiveCfg = Debug|Any CPU
		{E69A1034-B827-41B8-A631-079B671F156F}.Debug|Any CPU.Build.0 = Debug|Any CPU
		{E69A1034-B827-41B8-A631-079B671F156F}.Release|Any CPU.ActiveCfg = Release|Any CPU
		{E69A1034-B827-41B8-A631-079B671F156F}.Release|Any CPU.Build.0 = Release|Any CPU
		{4CAE3872-367B-4DA8-B7AC-9184C4AED98C}.Debug|Any CPU.ActiveCfg = Debug|Any CPU
		{4CAE3872-367B-4DA8-B7AC-9184C4AED98C}.Debug|Any CPU.Build.0 = Debug|Any CPU
		{4CAE3872-367B-4DA8-B7AC-9184C4AED98C}.Release|Any CPU.ActiveCfg = Release|Any CPU
		{4CAE3872-367B-4DA8-B7AC-9184C4AED98C}.Release|Any CPU.Build.0 = Release|Any CPU
		{AA4A9CB4-4D6D-4236-AE5D-2B779F5761DE}.Debug|Any CPU.ActiveCfg = Debug|Any CPU
		{AA4A9CB4-4D6D-4236-AE5D-2B779F5761DE}.Debug|Any CPU.Build.0 = Debug|Any CPU
		{AA4A9CB4-4D6D-4236-AE5D-2B779F5761DE}.Release|Any CPU.ActiveCfg = Release|Any CPU
		{AA4A9CB4-4D6D-4236-AE5D-2B779F5761DE}.Release|Any CPU.Build.0 = Release|Any CPU
	EndGlobalSection
	GlobalSection(SolutionProperties) = preSolution
		HideSolutionNode = FALSE
	EndGlobalSection
	GlobalSection(ExtensibilityGlobals) = postSolution
		SolutionGuid = {FD2D27F9-70AF-4CD9-86CC-DEB05F9D7A56}
	EndGlobalSection
EndGlobal
